Microsoft Visual Studio Solution File, Format Version 8.00
Project("{FAE04EC0-301F-11D3-BF4B-00C04F79EFBC}") = "WindowsApplication1", "WindowsApplication1.csproj", "{2FE400DE-D158-4D32-B9DF-A7C011A04918}"
	ProjectSection(ProjectDependencies) = postProject
	EndProjectSection
EndProject
Global
	GlobalSection(SolutionConfiguration) = preSolution
		Debug = Debug
		Release = Release
	EndGlobalSection
	GlobalSection(ProjectConfiguration) = postSolution
		{2FE400DE-D158-4D32-B9DF-A7C011A04918}.Debug.ActiveCfg = Debug|.NET
		{2FE400DE-D158-4D32-B9DF-A7C011A04918}.Debug.Build.0 = Debug|.NET
		{2FE400DE-D158-4D32-B9DF-A7C011A04918}.Release.ActiveCfg = Release|.NET
		{2FE400DE-D158-4D32-B9DF-A7C011A04918}.Release.Build.0 = Release|.NET
	EndGlobalSection
	GlobalSection(ExtensibilityGlobals) = postSolution
	EndGlobalSection
	GlobalSection(ExtensibilityAddIns) = postSolution
	EndGlobalSection
EndGlobal
